// !$*UTF8*$!
{
	archiveVersion = 1;
	classes = {
	};
	objectVersion = 56;
	objects = {

/* Begin PBXBuildFile section */
		BC878DA12A0FA20600603D7C /* UIView+additionals.swift in Sources */ = {isa = PBXBuildFile; fileRef = BC878DA02A0FA20600603D7C /* UIView+additionals.swift */; };
		BC878DA42A0FA38900603D7C /* GATableViewCell.swift in Sources */ = {isa = PBXBuildFile; fileRef = BC878DA32A0FA38900603D7C /* GATableViewCell.swift */; };
		BC878DA72A0FB37400603D7C /* SnapKit in Frameworks */ = {isa = PBXBuildFile; productRef = BC878DA62A0FB37400603D7C /* SnapKit */; };
		BC878DAF2A0FF09000603D7C /* GAImages.swift in Sources */ = {isa = PBXBuildFile; fileRef = BC878DAE2A0FF09000603D7C /* GAImages.swift */; };
		BC878DB22A0FFA9300603D7C /* GAAdditionalInfoView.swift in Sources */ = {isa = PBXBuildFile; fileRef = BC878DB12A0FFA9300603D7C /* GAAdditionalInfoView.swift */; };
		BC878DB42A100B7400603D7C /* GAColors.swift in Sources */ = {isa = PBXBuildFile; fileRef = BC878DB32A100B7400603D7C /* GAColors.swift */; };
		BCA304A72A12988E002557AF /* CountryDetailsViewController.swift in Sources */ = {isa = PBXBuildFile; fileRef = BCA304A62A12988E002557AF /* CountryDetailsViewController.swift */; };
		BCA304A92A1332E0002557AF /* GADetailedInfoView.swift in Sources */ = {isa = PBXBuildFile; fileRef = BCA304A82A1332E0002557AF /* GADetailedInfoView.swift */; };
		BCA304AC2A14A209002557AF /* Moya in Frameworks */ = {isa = PBXBuildFile; productRef = BCA304AB2A14A209002557AF /* Moya */; };
		BCA304AF2A14A5EC002557AF /* Country.swift in Sources */ = {isa = PBXBuildFile; fileRef = BCA304AE2A14A5EC002557AF /* Country.swift */; };
		BCD35D892A0E3C2500317225 /* AppDelegate.swift in Sources */ = {isa = PBXBuildFile; fileRef = BCD35D882A0E3C2500317225 /* AppDelegate.swift */; };
		BCD35D8B2A0E3C2500317225 /* SceneDelegate.swift in Sources */ = {isa = PBXBuildFile; fileRef = BCD35D8A2A0E3C2500317225 /* SceneDelegate.swift */; };
		BCD35D922A0E3C2700317225 /* Assets.xcassets in Resources */ = {isa = PBXBuildFile; fileRef = BCD35D912A0E3C2700317225 /* Assets.xcassets */; };
		BCD35D952A0E3C2700317225 /* LaunchScreen.storyboard in Resources */ = {isa = PBXBuildFile; fileRef = BCD35D932A0E3C2700317225 /* LaunchScreen.storyboard */; };
		BCD35D9E2A0E41D300317225 /* CountriesListViewController.swift in Sources */ = {isa = PBXBuildFile; fileRef = BCD35D9D2A0E41D300317225 /* CountriesListViewController.swift */; };
/* End PBXBuildFile section */

/* Begin PBXFileReference section */
		BC878DA02A0FA20600603D7C /* UIView+additionals.swift */ = {isa = PBXFileReference; lastKnownFileType = sourcecode.swift; path = "UIView+additionals.swift"; sourceTree = "<group>"; };
		BC878DA32A0FA38900603D7C /* GATableViewCell.swift */ = {isa = PBXFileReference; lastKnownFileType = sourcecode.swift; path = GATableViewCell.swift; sourceTree = "<group>"; };
		BC878DAE2A0FF09000603D7C /* GAImages.swift */ = {isa = PBXFileReference; lastKnownFileType = sourcecode.swift; path = GAImages.swift; sourceTree = "<group>"; };
		BC878DB12A0FFA9300603D7C /* GAAdditionalInfoView.swift */ = {isa = PBXFileReference; lastKnownFileType = sourcecode.swift; path = GAAdditionalInfoView.swift; sourceTree = "<group>"; };
		BC878DB32A100B7400603D7C /* GAColors.swift */ = {isa = PBXFileReference; lastKnownFileType = sourcecode.swift; path = GAColors.swift; sourceTree = "<group>"; };
		BCA304A62A12988E002557AF /* CountryDetailsViewController.swift */ = {isa = PBXFileReference; lastKnownFileType = sourcecode.swift; path = CountryDetailsViewController.swift; sourceTree = "<group>"; };
		BCA304A82A1332E0002557AF /* GADetailedInfoView.swift */ = {isa = PBXFileReference; lastKnownFileType = sourcecode.swift; path = GADetailedInfoView.swift; sourceTree = "<group>"; };
		BCA304AE2A14A5EC002557AF /* Country.swift */ = {isa = PBXFileReference; lastKnownFileType = sourcecode.swift; path = Country.swift; sourceTree = "<group>"; };
		BCD35D852A0E3C2500317225 /* Geographic atlas.app */ = {isa = PBXFileReference; explicitFileType = wrapper.application; includeInIndex = 0; path = "Geographic atlas.app"; sourceTree = BUILT_PRODUCTS_DIR; };
		BCD35D882A0E3C2500317225 /* AppDelegate.swift */ = {isa = PBXFileReference; lastKnownFileType = sourcecode.swift; path = AppDelegate.swift; sourceTree = "<group>"; };
		BCD35D8A2A0E3C2500317225 /* SceneDelegate.swift */ = {isa = PBXFileReference; lastKnownFileType = sourcecode.swift; path = SceneDelegate.swift; sourceTree = "<group>"; };
		BCD35D912A0E3C2700317225 /* Assets.xcassets */ = {isa = PBXFileReference; lastKnownFileType = folder.assetcatalog; path = Assets.xcassets; sourceTree = "<group>"; };
		BCD35D942A0E3C2700317225 /* Base */ = {isa = PBXFileReference; lastKnownFileType = file.storyboard; name = Base; path = Base.lproj/LaunchScreen.storyboard; sourceTree = "<group>"; };
		BCD35D962A0E3C2700317225 /* Info.plist */ = {isa = PBXFileReference; lastKnownFileType = text.plist.xml; path = Info.plist; sourceTree = "<group>"; };
		BCD35D9D2A0E41D300317225 /* CountriesListViewController.swift */ = {isa = PBXFileReference; lastKnownFileType = sourcecode.swift; path = CountriesListViewController.swift; sourceTree = "<group>"; };
/* End PBXFileReference section */

/* Begin PBXFrameworksBuildPhase section */
		BCD35D822A0E3C2500317225 /* Frameworks */ = {
			isa = PBXFrameworksBuildPhase;
			buildActionMask = 2147483647;
			files = (
				BCA304AC2A14A209002557AF /* Moya in Frameworks */,
				BC878DA72A0FB37400603D7C /* SnapKit in Frameworks */,
			);
			runOnlyForDeploymentPostprocessing = 0;
		};
/* End PBXFrameworksBuildPhase section */

/* Begin PBXGroup section */
		BC878D9F2A0FA1DD00603D7C /* Extensions+Helpers */ = {
			isa = PBXGroup;
			children = (
				BC878DA02A0FA20600603D7C /* UIView+additionals.swift */,
			);
			path = "Extensions+Helpers";
			sourceTree = "<group>";
		};
		BC878DA22A0FA34B00603D7C /* CustomViews */ = {
			isa = PBXGroup;
			children = (
				BC878DA32A0FA38900603D7C /* GATableViewCell.swift */,
				BC878DB12A0FFA9300603D7C /* GAAdditionalInfoView.swift */,
				BCA304A82A1332E0002557AF /* GADetailedInfoView.swift */,
			);
			path = CustomViews;
			sourceTree = "<group>";
		};
		BC878DB02A0FF19300603D7C /* Constants */ = {
			isa = PBXGroup;
			children = (
				BC878DAE2A0FF09000603D7C /* GAImages.swift */,
				BC878DB32A100B7400603D7C /* GAColors.swift */,
			);
			path = Constants;
			sourceTree = "<group>";
		};
		BCA304AD2A14A5DB002557AF /* Models */ = {
			isa = PBXGroup;
			children = (
				BCA304AE2A14A5EC002557AF /* Country.swift */,
			);
			path = Models;
			sourceTree = "<group>";
		};
		BCD35D7C2A0E3C2500317225 = {
			isa = PBXGroup;
			children = (
				BCD35D872A0E3C2500317225 /* Geographic atlas */,
				BCD35D862A0E3C2500317225 /* Products */,
			);
			sourceTree = "<group>";
		};
		BCD35D862A0E3C2500317225 /* Products */ = {
			isa = PBXGroup;
			children = (
				BCD35D852A0E3C2500317225 /* Geographic atlas.app */,
			);
			name = Products;
			sourceTree = "<group>";
		};
		BCD35D872A0E3C2500317225 /* Geographic atlas */ = {
			isa = PBXGroup;
			children = (
				BCA304AD2A14A5DB002557AF /* Models */,
				BC878DA22A0FA34B00603D7C /* CustomViews */,
				BC878D9F2A0FA1DD00603D7C /* Extensions+Helpers */,
				BCD35D9C2A0E3E9700317225 /* Sources */,
				BC878DB02A0FF19300603D7C /* Constants */,
				BCD35D882A0E3C2500317225 /* AppDelegate.swift */,
				BCD35D8A2A0E3C2500317225 /* SceneDelegate.swift */,
				BCD35D912A0E3C2700317225 /* Assets.xcassets */,
				BCD35D932A0E3C2700317225 /* LaunchScreen.storyboard */,
				BCD35D962A0E3C2700317225 /* Info.plist */,
			);
			path = "Geographic atlas";
			sourceTree = "<group>";
		};
		BCD35D9C2A0E3E9700317225 /* Sources */ = {
			isa = PBXGroup;
			children = (
				BCD35D9D2A0E41D300317225 /* CountriesListViewController.swift */,
				BCA304A62A12988E002557AF /* CountryDetailsViewController.swift */,
			);
			path = Sources;
			sourceTree = "<group>";
		};
/* End PBXGroup section */

/* Begin PBXNativeTarget section */
		BCD35D842A0E3C2500317225 /* Geographic atlas */ = {
			isa = PBXNativeTarget;
			buildConfigurationList = BCD35D992A0E3C2700317225 /* Build configuration list for PBXNativeTarget "Geographic atlas" */;
			buildPhases = (
				BCD35D812A0E3C2500317225 /* Sources */,
				BCD35D822A0E3C2500317225 /* Frameworks */,
				BCD35D832A0E3C2500317225 /* Resources */,
			);
			buildRules = (
			);
			dependencies = (
			);
			name = "Geographic atlas";
			packageProductDependencies = (
				BC878DA62A0FB37400603D7C /* SnapKit */,
				BCA304AB2A14A209002557AF /* Moya */,
			);
			productName = "Geographic atlas";
			productReference = BCD35D852A0E3C2500317225 /* Geographic atlas.app */;
			productType = "com.apple.product-type.application";
		};
/* End PBXNativeTarget section */

/* Begin PBXProject section */
		BCD35D7D2A0E3C2500317225 /* Project object */ = {
			isa = PBXProject;
			attributes = {
				BuildIndependentTargetsInParallel = 1;
				LastSwiftUpdateCheck = 1430;
				LastUpgradeCheck = 1430;
				TargetAttributes = {
					BCD35D842A0E3C2500317225 = {
						CreatedOnToolsVersion = 14.3;
					};
				};
			};
			buildConfigurationList = BCD35D802A0E3C2500317225 /* Build configuration list for PBXProject "Geographic atlas" */;
			compatibilityVersion = "Xcode 14.0";
			developmentRegion = en;
			hasScannedForEncodings = 0;
			knownRegions = (
				en,
				Base,
			);
			mainGroup = BCD35D7C2A0E3C2500317225;
			packageReferences = (
				BC878DA52A0FB37400603D7C /* XCRemoteSwiftPackageReference "SnapKit" */,
				BCA304AA2A14A209002557AF /* XCRemoteSwiftPackageReference "Moya" */,
			);
			productRefGroup = BCD35D862A0E3C2500317225 /* Products */;
			projectDirPath = "";
			projectRoot = "";
			targets = (
				BCD35D842A0E3C2500317225 /* Geographic atlas */,
			);
		};
/* End PBXProject section */

/* Begin PBXResourcesBuildPhase section */
		BCD35D832A0E3C2500317225 /* Resources */ = {
			isa = PBXResourcesBuildPhase;
			buildActionMask = 2147483647;
			files = (
				BCD35D952A0E3C2700317225 /* LaunchScreen.storyboard in Resources */,
				BCD35D922A0E3C2700317225 /* Assets.xcassets in Resources */,
			);
			runOnlyForDeploymentPostprocessing = 0;
		};
/* End PBXResourcesBuildPhase section */

/* Begin PBXSourcesBuildPhase section */
		BCD35D812A0E3C2500317225 /* Sources */ = {
			isa = PBXSourcesBuildPhase;
			buildActionMask = 2147483647;
			files = (
				BCA304A92A1332E0002557AF /* GADetailedInfoView.swift in Sources */,
				BC878DA12A0FA20600603D7C /* UIView+additionals.swift in Sources */,
				BCA304A72A12988E002557AF /* CountryDetailsViewController.swift in Sources */,
				BCD35D9E2A0E41D300317225 /* CountriesListViewController.swift in Sources */,
				BCD35D892A0E3C2500317225 /* AppDelegate.swift in Sources */,
				BC878DB42A100B7400603D7C /* GAColors.swift in Sources */,
				BC878DAF2A0FF09000603D7C /* GAImages.swift in Sources */,
				BCA304AF2A14A5EC002557AF /* Country.swift in Sources */,
				BC878DA42A0FA38900603D7C /* GATableViewCell.swift in Sources */,
				BC878DB22A0FFA9300603D7C /* GAAdditionalInfoView.swift in Sources */,
				BCD35D8B2A0E3C2500317225 /* SceneDelegate.swift in Sources */,
			);
			runOnlyForDeploymentPostprocessing = 0;
		};
/* End PBXSourcesBuildPhase section */

/* Begin PBXVariantGroup section */
		BCD35D932A0E3C2700317225 /* LaunchScreen.storyboard */ = {
			isa = PBXVariantGroup;
			children = (
				BCD35D942A0E3C2700317225 /* Base */,
			);
			name = LaunchScreen.storyboard;
			sourceTree = "<group>";
		};
/* End PBXVariantGroup section */

/* Begin XCBuildConfiguration section */
		BCD35D972A0E3C2700317225 /* Debug */ = {
			isa = XCBuildConfiguration;
			buildSettings = {
				ALWAYS_SEARCH_USER_PATHS = NO;
				CLANG_ANALYZER_NONNULL = YES;
				CLANG_ANALYZER_NUMBER_OBJECT_CONVERSION = YES_AGGRESSIVE;
				CLANG_CXX_LANGUAGE_STANDARD = "gnu++20";
				CLANG_ENABLE_MODULES = YES;
				CLANG_ENABLE_OBJC_ARC = YES;
				CLANG_ENABLE_OBJC_WEAK = YES;
				CLANG_WARN_BLOCK_CAPTURE_AUTORELEASING = YES;
				CLANG_WARN_BOOL_CONVERSION = YES;
				CLANG_WARN_COMMA = YES;
				CLANG_WARN_CONSTANT_CONVERSION = YES;
				CLANG_WARN_DEPRECATED_OBJC_IMPLEMENTATIONS = YES;
				CLANG_WARN_DIRECT_OBJC_ISA_USAGE = YES_ERROR;
				CLANG_WARN_DOCUMENTATION_COMMENTS = YES;
				CLANG_WARN_EMPTY_BODY = YES;
				CLANG_WARN_ENUM_CONVERSION = YES;
				CLANG_WARN_INFINITE_RECURSION = YES;
				CLANG_WARN_INT_CONVERSION = YES;
				CLANG_WARN_NON_LITERAL_NULL_CONVERSION = YES;
				CLANG_WARN_OBJC_IMPLICIT_RETAIN_SELF = YES;
				CLANG_WARN_OBJC_LITERAL_CONVERSION = YES;
				CLANG_WARN_OBJC_ROOT_CLASS = YES_ERROR;
				CLANG_WARN_QUOTED_INCLUDE_IN_FRAMEWORK_HEADER = YES;
				CLANG_WARN_RANGE_LOOP_ANALYSIS = YES;
				CLANG_WARN_STRICT_PROTOTYPES = YES;
				CLANG_WARN_SUSPICIOUS_MOVE = YES;
				CLANG_WARN_UNGUARDED_AVAILABILITY = YES_AGGRESSIVE;
				CLANG_WARN_UNREACHABLE_CODE = YES;
				CLANG_WARN__DUPLICATE_METHOD_MATCH = YES;
				COPY_PHASE_STRIP = NO;
				DEBUG_INFORMATION_FORMAT = dwarf;
				ENABLE_STRICT_OBJC_MSGSEND = YES;
				ENABLE_TESTABILITY = YES;
				GCC_C_LANGUAGE_STANDARD = gnu11;
				GCC_DYNAMIC_NO_PIC = NO;
				GCC_NO_COMMON_BLOCKS = YES;
				GCC_OPTIMIZATION_LEVEL = 0;
				GCC_PREPROCESSOR_DEFINITIONS = (
					"DEBUG=1",
					"$(inherited)",
				);
				GCC_WARN_64_TO_32_BIT_CONVERSION = YES;
				GCC_WARN_ABOUT_RETURN_TYPE = YES_ERROR;
				GCC_WARN_UNDECLARED_SELECTOR = YES;
				GCC_WARN_UNINITIALIZED_AUTOS = YES_AGGRESSIVE;
				GCC_WARN_UNUSED_FUNCTION = YES;
				GCC_WARN_UNUSED_VARIABLE = YES;
				IPHONEOS_DEPLOYMENT_TARGET = 16.4;
				MTL_ENABLE_DEBUG_INFO = INCLUDE_SOURCE;
				MTL_FAST_MATH = YES;
				ONLY_ACTIVE_ARCH = YES;
				SDKROOT = iphoneos;
				SWIFT_ACTIVE_COMPILATION_CONDITIONS = DEBUG;
				SWIFT_OPTIMIZATION_LEVEL = "-Onone";
			};
			name = Debug;
		};
		BCD35D982A0E3C2700317225 /* Release */ = {
			isa = XCBuildConfiguration;
			buildSettings = {
				ALWAYS_SEARCH_USER_PATHS = NO;
				CLANG_ANALYZER_NONNULL = YES;
				CLANG_ANALYZER_NUMBER_OBJECT_CONVERSION = YES_AGGRESSIVE;
				CLANG_CXX_LANGUAGE_STANDARD = "gnu++20";
				CLANG_ENABLE_MODULES = YES;
				CLANG_ENABLE_OBJC_ARC = YES;
				CLANG_ENABLE_OBJC_WEAK = YES;
				CLANG_WARN_BLOCK_CAPTURE_AUTORELEASING = YES;
				CLANG_WARN_BOOL_CONVERSION = YES;
				CLANG_WARN_COMMA = YES;
				CLANG_WARN_CONSTANT_CONVERSION = YES;
				CLANG_WARN_DEPRECATED_OBJC_IMPLEMENTATIONS = YES;
				CLANG_WARN_DIRECT_OBJC_ISA_USAGE = YES_ERROR;
				CLANG_WARN_DOCUMENTATION_COMMENTS = YES;
				CLANG_WARN_EMPTY_BODY = YES;
				CLANG_WARN_ENUM_CONVERSION = YES;
				CLANG_WARN_INFINITE_RECURSION = YES;
				CLANG_WARN_INT_CONVERSION = YES;
				CLANG_WARN_NON_LITERAL_NULL_CONVERSION = YES;
				CLANG_WARN_OBJC_IMPLICIT_RETAIN_SELF = YES;
				CLANG_WARN_OBJC_LITERAL_CONVERSION = YES;
				CLANG_WARN_OBJC_ROOT_CLASS = YES_ERROR;
				CLANG_WARN_QUOTED_INCLUDE_IN_FRAMEWORK_HEADER = YES;
				CLANG_WARN_RANGE_LOOP_ANALYSIS = YES;
				CLANG_WARN_STRICT_PROTOTYPES = YES;
				CLANG_WARN_SUSPICIOUS_MOVE = YES;
				CLANG_WARN_UNGUARDED_AVAILABILITY = YES_AGGRESSIVE;
				CLANG_WARN_UNREACHABLE_CODE = YES;
				CLANG_WARN__DUPLICATE_METHOD_MATCH = YES;
				COPY_PHASE_STRIP = NO;
				DEBUG_INFORMATION_FORMAT = "dwarf-with-dsym";
				ENABLE_NS_ASSERTIONS = NO;
				ENABLE_STRICT_OBJC_MSGSEND = YES;
				GCC_C_LANGUAGE_STANDARD = gnu11;
				GCC_NO_COMMON_BLOCKS = YES;
				GCC_WARN_64_TO_32_BIT_CONVERSION = YES;
				GCC_WARN_ABOUT_RETURN_TYPE = YES_ERROR;
				GCC_WARN_UNDECLARED_SELECTOR = YES;
				GCC_WARN_UNINITIALIZED_AUTOS = YES_AGGRESSIVE;
				GCC_WARN_UNUSED_FUNCTION = YES;
				GCC_WARN_UNUSED_VARIABLE = YES;
				IPHONEOS_DEPLOYMENT_TARGET = 16.4;
				MTL_ENABLE_DEBUG_INFO = NO;
				MTL_FAST_MATH = YES;
				SDKROOT = iphoneos;
				SWIFT_COMPILATION_MODE = wholemodule;
				SWIFT_OPTIMIZATION_LEVEL = "-O";
				VALIDATE_PRODUCT = YES;
			};
			name = Release;
		};
		BCD35D9A2A0E3C2700317225 /* Debug */ = {
			isa = XCBuildConfiguration;
			buildSettings = {
				ASSETCATALOG_COMPILER_APPICON_NAME = AppIcon;
				ASSETCATALOG_COMPILER_GLOBAL_ACCENT_COLOR_NAME = AccentColor;
				CODE_SIGN_STYLE = Automatic;
				CURRENT_PROJECT_VERSION = 1;
				DEVELOPMENT_TEAM = 4P845CNK53;
				GENERATE_INFOPLIST_FILE = YES;
				INFOPLIST_FILE = "Geographic atlas/Info.plist";
				INFOPLIST_KEY_UIApplicationSupportsIndirectInputEvents = YES;
				INFOPLIST_KEY_UILaunchStoryboardName = LaunchScreen;
				INFOPLIST_KEY_UISupportedInterfaceOrientations = UIInterfaceOrientationPortrait;
				INFOPLIST_KEY_UISupportedInterfaceOrientations_iPad = "UIInterfaceOrientationLandscapeLeft UIInterfaceOrientationLandscapeRight UIInterfaceOrientationPortrait UIInterfaceOrientationPortraitUpsideDown";
				IPHONEOS_DEPLOYMENT_TARGET = 16.0;
				LD_RUNPATH_SEARCH_PATHS = (
					"$(inherited)",
					"@executable_path/Frameworks",
				);
				MARKETING_VERSION = 1.0;
				PRODUCT_BUNDLE_IDENTIFIER = "bekbull.io.Geographic-atlas";
				PRODUCT_NAME = "$(TARGET_NAME)";
				SWIFT_EMIT_LOC_STRINGS = YES;
				SWIFT_VERSION = 5.0;
				TARGETED_DEVICE_FAMILY = "1,2";
			};
			name = Debug;
		};
		BCD35D9B2A0E3C2700317225 /* Release */ = {
			isa = XCBuildConfiguration;
			buildSettings = {
				ASSETCATALOG_COMPILER_APPICON_NAME = AppIcon;
				ASSETCATALOG_COMPILER_GLOBAL_ACCENT_COLOR_NAME = AccentColor;
				CODE_SIGN_STYLE = Automatic;
				CURRENT_PROJECT_VERSION = 1;
				DEVELOPMENT_TEAM = 4P845CNK53;
				GENERATE_INFOPLIST_FILE = YES;
				INFOPLIST_FILE = "Geographic atlas/Info.plist";
				INFOPLIST_KEY_UIApplicationSupportsIndirectInputEvents = YES;
				INFOPLIST_KEY_UILaunchStoryboardName = LaunchScreen;
				INFOPLIST_KEY_UISupportedInterfaceOrientations = UIInterfaceOrientationPortrait;
				INFOPLIST_KEY_UISupportedInterfaceOrientations_iPad = "UIInterfaceOrientationLandscapeLeft UIInterfaceOrientationLandscapeRight UIInterfaceOrientationPortrait UIInterfaceOrientationPortraitUpsideDown";
				IPHONEOS_DEPLOYMENT_TARGET = 16.0;
				LD_RUNPATH_SEARCH_PATHS = (
					"$(inherited)",
					"@executable_path/Frameworks",
				);
				MARKETING_VERSION = 1.0;
				PRODUCT_BUNDLE_IDENTIFIER = "bekbull.io.Geographic-atlas";
				PRODUCT_NAME = "$(TARGET_NAME)";
				SWIFT_EMIT_LOC_STRINGS = YES;
				SWIFT_VERSION = 5.0;
				TARGETED_DEVICE_FAMILY = "1,2";
			};
			name = Release;
		};
/* End XCBuildConfiguration section */

/* Begin XCConfigurationList section */
		BCD35D802A0E3C2500317225 /* Build configuration list for PBXProject "Geographic atlas" */ = {
			isa = XCConfigurationList;
			buildConfigurations = (
				BCD35D972A0E3C2700317225 /* Debug */,
				BCD35D982A0E3C2700317225 /* Release */,
			);
			defaultConfigurationIsVisible = 0;
			defaultConfigurationName = Release;
		};
		BCD35D992A0E3C2700317225 /* Build configuration list for PBXNativeTarget "Geographic atlas" */ = {
			isa = XCConfigurationList;
			buildConfigurations = (
				BCD35D9A2A0E3C2700317225 /* Debug */,
				BCD35D9B2A0E3C2700317225 /* Release */,
			);
			defaultConfigurationIsVisible = 0;
			defaultConfigurationName = Release;
		};
/* End XCConfigurationList section */

/* Begin XCRemoteSwiftPackageReference section */
		BC878DA52A0FB37400603D7C /* XCRemoteSwiftPackageReference "SnapKit" */ = {
			isa = XCRemoteSwiftPackageReference;
			repositoryURL = "https://github.com/SnapKit/SnapKit.git";
			requirement = {
				kind = upToNextMajorVersion;
				minimumVersion = 5.0.0;
			};
		};
		BCA304AA2A14A209002557AF /* XCRemoteSwiftPackageReference "Moya" */ = {
			isa = XCRemoteSwiftPackageReference;
			repositoryURL = "https://github.com/Moya/Moya.git";
			requirement = {
				kind = upToNextMajorVersion;
				minimumVersion = 15.0.0;
			};
		};
/* End XCRemoteSwiftPackageReference section */

/* Begin XCSwiftPackageProductDependency section */
		BC878DA62A0FB37400603D7C /* SnapKit */ = {
			isa = XCSwiftPackageProductDependency;
			package = BC878DA52A0FB37400603D7C /* XCRemoteSwiftPackageReference "SnapKit" */;
			productName = SnapKit;
		};
		BCA304AB2A14A209002557AF /* Moya */ = {
			isa = XCSwiftPackageProductDependency;
			package = BCA304AA2A14A209002557AF /* XCRemoteSwiftPackageReference "Moya" */;
			productName = Moya;
		};
/* End XCSwiftPackageProductDependency section */
	};
	rootObject = BCD35D7D2A0E3C2500317225 /* Project object */;
}
